// !$*UTF8*$!
{
	archiveVersion = 1;
	classes = {
	};
	objectVersion = 56;
	objects = {

/* Begin PBXBuildFile section */
		5065E6A42A867CCE00D3B08C /* AppDelegate.swift in Sources */ = {isa = PBXBuildFile; fileRef = 5065E6A32A867CCE00D3B08C /* AppDelegate.swift */; };
		5065E6A62A867CCE00D3B08C /* SceneDelegate.swift in Sources */ = {isa = PBXBuildFile; fileRef = 5065E6A52A867CCE00D3B08C /* SceneDelegate.swift */; };
		5065E6A82A867CCE00D3B08C /* HomeViewController.swift in Sources */ = {isa = PBXBuildFile; fileRef = 5065E6A72A867CCE00D3B08C /* HomeViewController.swift */; };
		5065E6AD2A867CCF00D3B08C /* Assets.xcassets in Resources */ = {isa = PBXBuildFile; fileRef = 5065E6AC2A867CCF00D3B08C /* Assets.xcassets */; };
		5065E6B02A867CCF00D3B08C /* LaunchScreen.storyboard in Resources */ = {isa = PBXBuildFile; fileRef = 5065E6AE2A867CCF00D3B08C /* LaunchScreen.storyboard */; };
		5065E6BC2A867F1100D3B08C /* HomeScreen.swift in Sources */ = {isa = PBXBuildFile; fileRef = 5065E6BB2A867F1100D3B08C /* HomeScreen.swift */; };
		5065E6BF2A86840200D3B08C /* UIColor+Extension.swift in Sources */ = {isa = PBXBuildFile; fileRef = 5065E6BE2A86840200D3B08C /* UIColor+Extension.swift */; };
		5065E6C22A8685B800D3B08C /* HomeViewModel.swift in Sources */ = {isa = PBXBuildFile; fileRef = 5065E6C12A8685B800D3B08C /* HomeViewModel.swift */; };
		5065E6C52A868CA400D3B08C /* Holiday.swift in Sources */ = {isa = PBXBuildFile; fileRef = 5065E6C42A868CA400D3B08C /* Holiday.swift */; };
		5065E6C72A868CDF00D3B08C /* CountryData.swift in Sources */ = {isa = PBXBuildFile; fileRef = 5065E6C62A868CDF00D3B08C /* CountryData.swift */; };
		5065E6CA2A868E6400D3B08C /* HomeService.swift in Sources */ = {isa = PBXBuildFile; fileRef = 5065E6C92A868E6400D3B08C /* HomeService.swift */; };
		5065E6CD2A86924200D3B08C /* Alert.swift in Sources */ = {isa = PBXBuildFile; fileRef = 5065E6CC2A86924200D3B08C /* Alert.swift */; };
		5065E6CF2A8693DF00D3B08C /* UIView+Extension.swift in Sources */ = {isa = PBXBuildFile; fileRef = 5065E6CE2A8693DF00D3B08C /* UIView+Extension.swift */; };
		5065E6D52A86948100D3B08C /* HolidayScreen.swift in Sources */ = {isa = PBXBuildFile; fileRef = 5065E6D42A86948100D3B08C /* HolidayScreen.swift */; };
		5065E6D72A86949E00D3B08C /* HolidayViewController.swift in Sources */ = {isa = PBXBuildFile; fileRef = 5065E6D62A86949E00D3B08C /* HolidayViewController.swift */; };
		5065E6DB2A86968900D3B08C /* HolidayCollectionViewCell.swift in Sources */ = {isa = PBXBuildFile; fileRef = 5065E6DA2A86968900D3B08C /* HolidayCollectionViewCell.swift */; };
		5065E6DD2A8696B900D3B08C /* HolidayCollectionViewCellScreen.swift in Sources */ = {isa = PBXBuildFile; fileRef = 5065E6DC2A8696B900D3B08C /* HolidayCollectionViewCellScreen.swift */; };
		5065E6E02A869C2000D3B08C /* HolidayViewModel.swift in Sources */ = {isa = PBXBuildFile; fileRef = 5065E6DF2A869C2000D3B08C /* HolidayViewModel.swift */; };
		50BA7EA02A86B02100EBA558 /* HolidayDetailViewController.swift in Sources */ = {isa = PBXBuildFile; fileRef = 50BA7E9F2A86B02100EBA558 /* HolidayDetailViewController.swift */; };
		50BA7EA22A86B03A00EBA558 /* HolidayDetailViewControllerScreen.swift in Sources */ = {isa = PBXBuildFile; fileRef = 50BA7EA12A86B03A00EBA558 /* HolidayDetailViewControllerScreen.swift */; };
		50BA7EA72A86CDD300EBA558 /* OnboardingViewController.swift in Sources */ = {isa = PBXBuildFile; fileRef = 50BA7EA62A86CDD300EBA558 /* OnboardingViewController.swift */; };
		50BA7EA92A86CDE600EBA558 /* OnboardingViewControllerScreen.swift in Sources */ = {isa = PBXBuildFile; fileRef = 50BA7EA82A86CDE600EBA558 /* OnboardingViewControllerScreen.swift */; };
		50DD88D52A87CFED00AA13E4 /* Strings.swift in Sources */ = {isa = PBXBuildFile; fileRef = 50DD88D42A87CFED00AA13E4 /* Strings.swift */; };
		50DD88D82A87DC3E00AA13E4 /* Alamofire in Frameworks */ = {isa = PBXBuildFile; productRef = 50DD88D72A87DC3E00AA13E4 /* Alamofire */; };
		50DD88DB2A88137900AA13E4 /* ServiceManager.swift in Sources */ = {isa = PBXBuildFile; fileRef = 50DD88DA2A88137900AA13E4 /* ServiceManager.swift */; };
		7F44520093DA0B9149AE00C1 /* Pods_HolidayApp.framework in Frameworks */ = {isa = PBXBuildFile; fileRef = 20DB3E4D710FDA5CAA9795C0 /* Pods_HolidayApp.framework */; };
/* End PBXBuildFile section */

/* Begin PBXFileReference section */
		20DB3E4D710FDA5CAA9795C0 /* Pods_HolidayApp.framework */ = {isa = PBXFileReference; explicitFileType = wrapper.framework; includeInIndex = 0; path = Pods_HolidayApp.framework; sourceTree = BUILT_PRODUCTS_DIR; };
		5065E6A02A867CCE00D3B08C /* HolidayApp.app */ = {isa = PBXFileReference; explicitFileType = wrapper.application; includeInIndex = 0; path = HolidayApp.app; sourceTree = BUILT_PRODUCTS_DIR; };
		5065E6A32A867CCE00D3B08C /* AppDelegate.swift */ = {isa = PBXFileReference; lastKnownFileType = sourcecode.swift; path = AppDelegate.swift; sourceTree = "<group>"; };
		5065E6A52A867CCE00D3B08C /* SceneDelegate.swift */ = {isa = PBXFileReference; lastKnownFileType = sourcecode.swift; path = SceneDelegate.swift; sourceTree = "<group>"; };
		5065E6A72A867CCE00D3B08C /* HomeViewController.swift */ = {isa = PBXFileReference; lastKnownFileType = sourcecode.swift; path = HomeViewController.swift; sourceTree = "<group>"; };
		5065E6AC2A867CCF00D3B08C /* Assets.xcassets */ = {isa = PBXFileReference; lastKnownFileType = folder.assetcatalog; path = Assets.xcassets; sourceTree = "<group>"; };
		5065E6AF2A867CCF00D3B08C /* Base */ = {isa = PBXFileReference; lastKnownFileType = file.storyboard; name = Base; path = Base.lproj/LaunchScreen.storyboard; sourceTree = "<group>"; };
		5065E6B12A867CCF00D3B08C /* Info.plist */ = {isa = PBXFileReference; lastKnownFileType = text.plist.xml; path = Info.plist; sourceTree = "<group>"; };
		5065E6BB2A867F1100D3B08C /* HomeScreen.swift */ = {isa = PBXFileReference; lastKnownFileType = sourcecode.swift; path = HomeScreen.swift; sourceTree = "<group>"; };
		5065E6BE2A86840200D3B08C /* UIColor+Extension.swift */ = {isa = PBXFileReference; lastKnownFileType = sourcecode.swift; path = "UIColor+Extension.swift"; sourceTree = "<group>"; };
		5065E6C12A8685B800D3B08C /* HomeViewModel.swift */ = {isa = PBXFileReference; lastKnownFileType = sourcecode.swift; path = HomeViewModel.swift; sourceTree = "<group>"; };
		5065E6C42A868CA400D3B08C /* Holiday.swift */ = {isa = PBXFileReference; lastKnownFileType = sourcecode.swift; path = Holiday.swift; sourceTree = "<group>"; };
		5065E6C62A868CDF00D3B08C /* CountryData.swift */ = {isa = PBXFileReference; lastKnownFileType = sourcecode.swift; path = CountryData.swift; sourceTree = "<group>"; };
		5065E6C92A868E6400D3B08C /* HomeService.swift */ = {isa = PBXFileReference; lastKnownFileType = sourcecode.swift; path = HomeService.swift; sourceTree = "<group>"; };
		5065E6CC2A86924200D3B08C /* Alert.swift */ = {isa = PBXFileReference; lastKnownFileType = sourcecode.swift; path = Alert.swift; sourceTree = "<group>"; };
		5065E6CE2A8693DF00D3B08C /* UIView+Extension.swift */ = {isa = PBXFileReference; fileEncoding = 4; lastKnownFileType = sourcecode.swift; path = "UIView+Extension.swift"; sourceTree = "<group>"; };
		5065E6D42A86948100D3B08C /* HolidayScreen.swift */ = {isa = PBXFileReference; lastKnownFileType = sourcecode.swift; path = HolidayScreen.swift; sourceTree = "<group>"; };
		5065E6D62A86949E00D3B08C /* HolidayViewController.swift */ = {isa = PBXFileReference; lastKnownFileType = sourcecode.swift; path = HolidayViewController.swift; sourceTree = "<group>"; };
		5065E6DA2A86968900D3B08C /* HolidayCollectionViewCell.swift */ = {isa = PBXFileReference; lastKnownFileType = sourcecode.swift; path = HolidayCollectionViewCell.swift; sourceTree = "<group>"; };
		5065E6DC2A8696B900D3B08C /* HolidayCollectionViewCellScreen.swift */ = {isa = PBXFileReference; lastKnownFileType = sourcecode.swift; path = HolidayCollectionViewCellScreen.swift; sourceTree = "<group>"; };
		5065E6DF2A869C2000D3B08C /* HolidayViewModel.swift */ = {isa = PBXFileReference; lastKnownFileType = sourcecode.swift; path = HolidayViewModel.swift; sourceTree = "<group>"; };
		50BA7E9F2A86B02100EBA558 /* HolidayDetailViewController.swift */ = {isa = PBXFileReference; lastKnownFileType = sourcecode.swift; path = HolidayDetailViewController.swift; sourceTree = "<group>"; };
		50BA7EA12A86B03A00EBA558 /* HolidayDetailViewControllerScreen.swift */ = {isa = PBXFileReference; lastKnownFileType = sourcecode.swift; path = HolidayDetailViewControllerScreen.swift; sourceTree = "<group>"; };
		50BA7EA62A86CDD300EBA558 /* OnboardingViewController.swift */ = {isa = PBXFileReference; lastKnownFileType = sourcecode.swift; path = OnboardingViewController.swift; sourceTree = "<group>"; };
		50BA7EA82A86CDE600EBA558 /* OnboardingViewControllerScreen.swift */ = {isa = PBXFileReference; lastKnownFileType = sourcecode.swift; path = OnboardingViewControllerScreen.swift; sourceTree = "<group>"; };
		50DD88D42A87CFED00AA13E4 /* Strings.swift */ = {isa = PBXFileReference; lastKnownFileType = sourcecode.swift; path = Strings.swift; sourceTree = "<group>"; };
		50DD88DA2A88137900AA13E4 /* ServiceManager.swift */ = {isa = PBXFileReference; lastKnownFileType = sourcecode.swift; path = ServiceManager.swift; sourceTree = "<group>"; };
		A83F52EA734308055E6B7EF6 /* Pods-HolidayApp.release.xcconfig */ = {isa = PBXFileReference; includeInIndex = 1; lastKnownFileType = text.xcconfig; name = "Pods-HolidayApp.release.xcconfig"; path = "Target Support Files/Pods-HolidayApp/Pods-HolidayApp.release.xcconfig"; sourceTree = "<group>"; };
		B7154F65D07AD721E93AA7A5 /* Pods-HolidayApp.debug.xcconfig */ = {isa = PBXFileReference; includeInIndex = 1; lastKnownFileType = text.xcconfig; name = "Pods-HolidayApp.debug.xcconfig"; path = "Target Support Files/Pods-HolidayApp/Pods-HolidayApp.debug.xcconfig"; sourceTree = "<group>"; };
/* End PBXFileReference section */

/* Begin PBXFrameworksBuildPhase section */
		5065E69D2A867CCE00D3B08C /* Frameworks */ = {
			isa = PBXFrameworksBuildPhase;
			buildActionMask = 2147483647;
			files = (
				50DD88D82A87DC3E00AA13E4 /* Alamofire in Frameworks */,
				7F44520093DA0B9149AE00C1 /* Pods_HolidayApp.framework in Frameworks */,
			);
			runOnlyForDeploymentPostprocessing = 0;
		};
/* End PBXFrameworksBuildPhase section */

/* Begin PBXGroup section */
		5065E6972A867CCE00D3B08C = {
			isa = PBXGroup;
			children = (
				5065E6A22A867CCE00D3B08C /* HolidayApp */,
				5065E6A12A867CCE00D3B08C /* Products */,
				850C5D007B525941AC3FC407 /* Pods */,
				51B47B7204BAC791F738C964 /* Frameworks */,
			);
			sourceTree = "<group>";
		};
		5065E6A12A867CCE00D3B08C /* Products */ = {
			isa = PBXGroup;
			children = (
				5065E6A02A867CCE00D3B08C /* HolidayApp.app */,
			);
			name = Products;
			sourceTree = "<group>";
		};
		5065E6A22A867CCE00D3B08C /* HolidayApp */ = {
			isa = PBXGroup;
			children = (
				50DD88D92A88136400AA13E4 /* Service */,
				50DD88D22A87CFBE00AA13E4 /* Utilities */,
				5065E6B72A867EAC00D3B08C /* Resources */,
				5065E6C32A868C8C00D3B08C /* Model */,
				5065E6D02A86940600D3B08C /* Features */,
				5065E6B12A867CCF00D3B08C /* Info.plist */,
			);
			path = HolidayApp;
			sourceTree = "<group>";
		};
		5065E6B72A867EAC00D3B08C /* Resources */ = {
			isa = PBXGroup;
			children = (
				5065E6A32A867CCE00D3B08C /* AppDelegate.swift */,
				5065E6A52A867CCE00D3B08C /* SceneDelegate.swift */,
				5065E6AC2A867CCF00D3B08C /* Assets.xcassets */,
				5065E6AE2A867CCF00D3B08C /* LaunchScreen.storyboard */,
			);
			path = Resources;
			sourceTree = "<group>";
		};
		5065E6B82A867EB800D3B08C /* Home */ = {
			isa = PBXGroup;
			children = (
				5065E6C82A868E3300D3B08C /* Service */,
				5065E6C02A86859700D3B08C /* ViewModel */,
				5065E6B92A867EBD00D3B08C /* Controller */,
				5065E6BA2A867EC700D3B08C /* Screen */,
			);
			path = Home;
			sourceTree = "<group>";
		};
		5065E6B92A867EBD00D3B08C /* Controller */ = {
			isa = PBXGroup;
			children = (
				5065E6A72A867CCE00D3B08C /* HomeViewController.swift */,
			);
			path = Controller;
			sourceTree = "<group>";
		};
		5065E6BA2A867EC700D3B08C /* Screen */ = {
			isa = PBXGroup;
			children = (
				5065E6BB2A867F1100D3B08C /* HomeScreen.swift */,
			);
			path = Screen;
			sourceTree = "<group>";
		};
		5065E6BD2A8683DA00D3B08C /* Extension */ = {
			isa = PBXGroup;
			children = (
				5065E6CE2A8693DF00D3B08C /* UIView+Extension.swift */,
				5065E6BE2A86840200D3B08C /* UIColor+Extension.swift */,
			);
			path = Extension;
			sourceTree = "<group>";
		};
		5065E6C02A86859700D3B08C /* ViewModel */ = {
			isa = PBXGroup;
			children = (
				5065E6C12A8685B800D3B08C /* HomeViewModel.swift */,
			);
			path = ViewModel;
			sourceTree = "<group>";
		};
		5065E6C32A868C8C00D3B08C /* Model */ = {
			isa = PBXGroup;
			children = (
				5065E6C42A868CA400D3B08C /* Holiday.swift */,
				5065E6C62A868CDF00D3B08C /* CountryData.swift */,
			);
			path = Model;
			sourceTree = "<group>";
		};
		5065E6C82A868E3300D3B08C /* Service */ = {
			isa = PBXGroup;
			children = (
				5065E6C92A868E6400D3B08C /* HomeService.swift */,
			);
			path = Service;
			sourceTree = "<group>";
		};
		5065E6CB2A86922100D3B08C /* Alert */ = {
			isa = PBXGroup;
			children = (
				5065E6CC2A86924200D3B08C /* Alert.swift */,
			);
			path = Alert;
			sourceTree = "<group>";
		};
		5065E6D02A86940600D3B08C /* Features */ = {
			isa = PBXGroup;
			children = (
				50BA7EA32A86CCF700EBA558 /* Onboarding */,
				5065E6B82A867EB800D3B08C /* Home */,
				5065E6D12A86941000D3B08C /* Holidays */,
				5065E6E22A86AC1800D3B08C /* HolidayDetail */,
			);
			path = Features;
			sourceTree = "<group>";
		};
		5065E6D12A86941000D3B08C /* Holidays */ = {
			isa = PBXGroup;
			children = (
				5065E6DE2A869BBD00D3B08C /* ViewModel */,
				5065E6D82A86965500D3B08C /* Cell */,
				5065E6D32A86945500D3B08C /* Controller */,
				5065E6D22A86944F00D3B08C /* Screen */,
			);
			path = Holidays;
			sourceTree = "<group>";
		};
		5065E6D22A86944F00D3B08C /* Screen */ = {
			isa = PBXGroup;
			children = (
				5065E6D42A86948100D3B08C /* HolidayScreen.swift */,
			);
			path = Screen;
			sourceTree = "<group>";
		};
		5065E6D32A86945500D3B08C /* Controller */ = {
			isa = PBXGroup;
			children = (
				5065E6D62A86949E00D3B08C /* HolidayViewController.swift */,
			);
			path = Controller;
			sourceTree = "<group>";
		};
		5065E6D82A86965500D3B08C /* Cell */ = {
			isa = PBXGroup;
			children = (
				5065E6D92A86966F00D3B08C /* Screen */,
				5065E6DA2A86968900D3B08C /* HolidayCollectionViewCell.swift */,
			);
			path = Cell;
			sourceTree = "<group>";
		};
		5065E6D92A86966F00D3B08C /* Screen */ = {
			isa = PBXGroup;
			children = (
				5065E6DC2A8696B900D3B08C /* HolidayCollectionViewCellScreen.swift */,
			);
			path = Screen;
			sourceTree = "<group>";
		};
		5065E6DE2A869BBD00D3B08C /* ViewModel */ = {
			isa = PBXGroup;
			children = (
				5065E6DF2A869C2000D3B08C /* HolidayViewModel.swift */,
			);
			path = ViewModel;
			sourceTree = "<group>";
		};
		5065E6E22A86AC1800D3B08C /* HolidayDetail */ = {
			isa = PBXGroup;
			children = (
				50BA7E9E2A86ADDE00EBA558 /* Controller */,
				5065E6E32A86AC3F00D3B08C /* Screen */,
			);
			path = HolidayDetail;
			sourceTree = "<group>";
		};
		5065E6E32A86AC3F00D3B08C /* Screen */ = {
			isa = PBXGroup;
			children = (
				50BA7EA12A86B03A00EBA558 /* HolidayDetailViewControllerScreen.swift */,
			);
			path = Screen;
			sourceTree = "<group>";
		};
		50BA7E9E2A86ADDE00EBA558 /* Controller */ = {
			isa = PBXGroup;
			children = (
				50BA7E9F2A86B02100EBA558 /* HolidayDetailViewController.swift */,
			);
			path = Controller;
			sourceTree = "<group>";
		};
		50BA7EA32A86CCF700EBA558 /* Onboarding */ = {
			isa = PBXGroup;
			children = (
				50BA7EA42A86CD2E00EBA558 /* Controller */,
				50BA7EA52A86CD3400EBA558 /* Screen */,
			);
			path = Onboarding;
			sourceTree = "<group>";
		};
		50BA7EA42A86CD2E00EBA558 /* Controller */ = {
			isa = PBXGroup;
			children = (
				50BA7EA62A86CDD300EBA558 /* OnboardingViewController.swift */,
			);
			path = Controller;
			sourceTree = "<group>";
		};
		50BA7EA52A86CD3400EBA558 /* Screen */ = {
			isa = PBXGroup;
			children = (
				50BA7EA82A86CDE600EBA558 /* OnboardingViewControllerScreen.swift */,
			);
			path = Screen;
			sourceTree = "<group>";
		};
		50DD88D22A87CFBE00AA13E4 /* Utilities */ = {
			isa = PBXGroup;
			children = (
				50DD88D32A87CFD800AA13E4 /* Strings */,
				5065E6BD2A8683DA00D3B08C /* Extension */,
				5065E6CB2A86922100D3B08C /* Alert */,
			);
			path = Utilities;
			sourceTree = "<group>";
		};
		50DD88D32A87CFD800AA13E4 /* Strings */ = {
			isa = PBXGroup;
			children = (
				50DD88D42A87CFED00AA13E4 /* Strings.swift */,
			);
			path = Strings;
			sourceTree = "<group>";
		};
		50DD88D92A88136400AA13E4 /* Service */ = {
			isa = PBXGroup;
			children = (
				50DD88DA2A88137900AA13E4 /* ServiceManager.swift */,
			);
			path = Service;
			sourceTree = "<group>";
		};
		51B47B7204BAC791F738C964 /* Frameworks */ = {
			isa = PBXGroup;
			children = (
				20DB3E4D710FDA5CAA9795C0 /* Pods_HolidayApp.framework */,
			);
			name = Frameworks;
			sourceTree = "<group>";
		};
		850C5D007B525941AC3FC407 /* Pods */ = {
			isa = PBXGroup;
			children = (
				B7154F65D07AD721E93AA7A5 /* Pods-HolidayApp.debug.xcconfig */,
				A83F52EA734308055E6B7EF6 /* Pods-HolidayApp.release.xcconfig */,
			);
			name = Pods;
			path = Pods;
			sourceTree = "<group>";
		};
/* End PBXGroup section */

/* Begin PBXNativeTarget section */
		5065E69F2A867CCE00D3B08C /* HolidayApp */ = {
			isa = PBXNativeTarget;
			buildConfigurationList = 5065E6B42A867CCF00D3B08C /* Build configuration list for PBXNativeTarget "HolidayApp" */;
			buildPhases = (
				0FF1C32CBAEC9304ED431EAA /* [CP] Check Pods Manifest.lock */,
				5065E69C2A867CCE00D3B08C /* Sources */,
				5065E69D2A867CCE00D3B08C /* Frameworks */,
				5065E69E2A867CCE00D3B08C /* Resources */,
				52B84D6EBAF3A1B11799490F /* [CP] Embed Pods Frameworks */,
			);
			buildRules = (
			);
			dependencies = (
			);
			name = HolidayApp;
			packageProductDependencies = (
				50DD88D72A87DC3E00AA13E4 /* Alamofire */,
			);
			productName = HolidayApp;
			productReference = 5065E6A02A867CCE00D3B08C /* HolidayApp.app */;
			productType = "com.apple.product-type.application";
		};
/* End PBXNativeTarget section */

/* Begin PBXProject section */
		5065E6982A867CCE00D3B08C /* Project object */ = {
			isa = PBXProject;
			attributes = {
				BuildIndependentTargetsInParallel = 1;
				LastSwiftUpdateCheck = 1430;
				LastUpgradeCheck = 1430;
				TargetAttributes = {
					5065E69F2A867CCE00D3B08C = {
						CreatedOnToolsVersion = 14.3.1;
					};
				};
			};
			buildConfigurationList = 5065E69B2A867CCE00D3B08C /* Build configuration list for PBXProject "HolidayApp" */;
			compatibilityVersion = "Xcode 14.0";
			developmentRegion = en;
			hasScannedForEncodings = 0;
			knownRegions = (
				en,
				Base,
			);
			mainGroup = 5065E6972A867CCE00D3B08C;
			packageReferences = (
				50DD88D62A87DC3E00AA13E4 /* XCRemoteSwiftPackageReference "Alamofire.git" */,
			);
			productRefGroup = 5065E6A12A867CCE00D3B08C /* Products */;
			projectDirPath = "";
			projectRoot = "";
			targets = (
				5065E69F2A867CCE00D3B08C /* HolidayApp */,
			);
		};
/* End PBXProject section */

/* Begin PBXResourcesBuildPhase section */
		5065E69E2A867CCE00D3B08C /* Resources */ = {
			isa = PBXResourcesBuildPhase;
			buildActionMask = 2147483647;
			files = (
				5065E6B02A867CCF00D3B08C /* LaunchScreen.storyboard in Resources */,
				5065E6AD2A867CCF00D3B08C /* Assets.xcassets in Resources */,
			);
			runOnlyForDeploymentPostprocessing = 0;
		};
/* End PBXResourcesBuildPhase section */

/* Begin PBXShellScriptBuildPhase section */
		0FF1C32CBAEC9304ED431EAA /* [CP] Check Pods Manifest.lock */ = {
			isa = PBXShellScriptBuildPhase;
			buildActionMask = 2147483647;
			files = (
			);
			inputFileListPaths = (
			);
			inputPaths = (
				"${PODS_PODFILE_DIR_PATH}/Podfile.lock",
				"${PODS_ROOT}/Manifest.lock",
			);
			name = "[CP] Check Pods Manifest.lock";
			outputFileListPaths = (
			);
			outputPaths = (
				"$(DERIVED_FILE_DIR)/Pods-HolidayApp-checkManifestLockResult.txt",
			);
			runOnlyForDeploymentPostprocessing = 0;
			shellPath = /bin/sh;
			shellScript = "diff \"${PODS_PODFILE_DIR_PATH}/Podfile.lock\" \"${PODS_ROOT}/Manifest.lock\" > /dev/null\nif [ $? != 0 ] ; then\n    # print error to STDERR\n    echo \"error: The sandbox is not in sync with the Podfile.lock. Run 'pod install' or update your CocoaPods installation.\" >&2\n    exit 1\nfi\n# This output is used by Xcode 'outputs' to avoid re-running this script phase.\necho \"SUCCESS\" > \"${SCRIPT_OUTPUT_FILE_0}\"\n";
			showEnvVarsInLog = 0;
		};
		52B84D6EBAF3A1B11799490F /* [CP] Embed Pods Frameworks */ = {
			isa = PBXShellScriptBuildPhase;
			buildActionMask = 2147483647;
			files = (
			);
			inputFileListPaths = (
				"${PODS_ROOT}/Target Support Files/Pods-HolidayApp/Pods-HolidayApp-frameworks-${CONFIGURATION}-input-files.xcfilelist",
			);
			name = "[CP] Embed Pods Frameworks";
			outputFileListPaths = (
				"${PODS_ROOT}/Target Support Files/Pods-HolidayApp/Pods-HolidayApp-frameworks-${CONFIGURATION}-output-files.xcfilelist",
			);
			runOnlyForDeploymentPostprocessing = 0;
			shellPath = /bin/sh;
			shellScript = "\"${PODS_ROOT}/Target Support Files/Pods-HolidayApp/Pods-HolidayApp-frameworks.sh\"\n";
			showEnvVarsInLog = 0;
		};
/* End PBXShellScriptBuildPhase section */

/* Begin PBXSourcesBuildPhase section */
		5065E69C2A867CCE00D3B08C /* Sources */ = {
			isa = PBXSourcesBuildPhase;
			buildActionMask = 2147483647;
			files = (
				50BA7EA22A86B03A00EBA558 /* HolidayDetailViewControllerScreen.swift in Sources */,
				5065E6D52A86948100D3B08C /* HolidayScreen.swift in Sources */,
				5065E6CF2A8693DF00D3B08C /* UIView+Extension.swift in Sources */,
				5065E6BC2A867F1100D3B08C /* HomeScreen.swift in Sources */,
				50BA7EA72A86CDD300EBA558 /* OnboardingViewController.swift in Sources */,
				5065E6C22A8685B800D3B08C /* HomeViewModel.swift in Sources */,
				5065E6C72A868CDF00D3B08C /* CountryData.swift in Sources */,
				5065E6C52A868CA400D3B08C /* Holiday.swift in Sources */,
				5065E6A82A867CCE00D3B08C /* HomeViewController.swift in Sources */,
				5065E6E02A869C2000D3B08C /* HolidayViewModel.swift in Sources */,
				5065E6DD2A8696B900D3B08C /* HolidayCollectionViewCellScreen.swift in Sources */,
				50DD88DB2A88137900AA13E4 /* ServiceManager.swift in Sources */,
				50BA7EA02A86B02100EBA558 /* HolidayDetailViewController.swift in Sources */,
				5065E6DB2A86968900D3B08C /* HolidayCollectionViewCell.swift in Sources */,
				50DD88D52A87CFED00AA13E4 /* Strings.swift in Sources */,
				50BA7EA92A86CDE600EBA558 /* OnboardingViewControllerScreen.swift in Sources */,
				5065E6A42A867CCE00D3B08C /* AppDelegate.swift in Sources */,
				5065E6CA2A868E6400D3B08C /* HomeService.swift in Sources */,
				5065E6A62A867CCE00D3B08C /* SceneDelegate.swift in Sources */,
				5065E6D72A86949E00D3B08C /* HolidayViewController.swift in Sources */,
				5065E6CD2A86924200D3B08C /* Alert.swift in Sources */,
				5065E6BF2A86840200D3B08C /* UIColor+Extension.swift in Sources */,
			);
			runOnlyForDeploymentPostprocessing = 0;
		};
/* End PBXSourcesBuildPhase section */

/* Begin PBXVariantGroup section */
		5065E6AE2A867CCF00D3B08C /* LaunchScreen.storyboard */ = {
			isa = PBXVariantGroup;
			children = (
				5065E6AF2A867CCF00D3B08C /* Base */,
			);
			name = LaunchScreen.storyboard;
			sourceTree = "<group>";
		};
/* End PBXVariantGroup section */

/* Begin XCBuildConfiguration section */
		5065E6B22A867CCF00D3B08C /* Debug */ = {
			isa = XCBuildConfiguration;
			buildSettings = {
				ALWAYS_SEARCH_USER_PATHS = NO;
				CLANG_ANALYZER_NONNULL = YES;
				CLANG_ANALYZER_NUMBER_OBJECT_CONVERSION = YES_AGGRESSIVE;
				CLANG_CXX_LANGUAGE_STANDARD = "gnu++20";
				CLANG_ENABLE_MODULES = YES;
				CLANG_ENABLE_OBJC_ARC = YES;
				CLANG_ENABLE_OBJC_WEAK = YES;
				CLANG_WARN_BLOCK_CAPTURE_AUTORELEASING = YES;
				CLANG_WARN_BOOL_CONVERSION = YES;
				CLANG_WARN_COMMA = YES;
				CLANG_WARN_CONSTANT_CONVERSION = YES;
				CLANG_WARN_DEPRECATED_OBJC_IMPLEMENTATIONS = YES;
				CLANG_WARN_DIRECT_OBJC_ISA_USAGE = YES_ERROR;
				CLANG_WARN_DOCUMENTATION_COMMENTS = YES;
				CLANG_WARN_EMPTY_BODY = YES;
				CLANG_WARN_ENUM_CONVERSION = YES;
				CLANG_WARN_INFINITE_RECURSION = YES;
				CLANG_WARN_INT_CONVERSION = YES;
				CLANG_WARN_NON_LITERAL_NULL_CONVERSION = YES;
				CLANG_WARN_OBJC_IMPLICIT_RETAIN_SELF = YES;
				CLANG_WARN_OBJC_LITERAL_CONVERSION = YES;
				CLANG_WARN_OBJC_ROOT_CLASS = YES_ERROR;
				CLANG_WARN_QUOTED_INCLUDE_IN_FRAMEWORK_HEADER = YES;
				CLANG_WARN_RANGE_LOOP_ANALYSIS = YES;
				CLANG_WARN_STRICT_PROTOTYPES = YES;
				CLANG_WARN_SUSPICIOUS_MOVE = YES;
				CLANG_WARN_UNGUARDED_AVAILABILITY = YES_AGGRESSIVE;
				CLANG_WARN_UNREACHABLE_CODE = YES;
				CLANG_WARN__DUPLICATE_METHOD_MATCH = YES;
				COPY_PHASE_STRIP = NO;
				DEBUG_INFORMATION_FORMAT = dwarf;
				ENABLE_STRICT_OBJC_MSGSEND = YES;
				ENABLE_TESTABILITY = YES;
				GCC_C_LANGUAGE_STANDARD = gnu11;
				GCC_DYNAMIC_NO_PIC = NO;
				GCC_NO_COMMON_BLOCKS = YES;
				GCC_OPTIMIZATION_LEVEL = 0;
				GCC_PREPROCESSOR_DEFINITIONS = (
					"DEBUG=1",
					"$(inherited)",
				);
				GCC_WARN_64_TO_32_BIT_CONVERSION = YES;
				GCC_WARN_ABOUT_RETURN_TYPE = YES_ERROR;
				GCC_WARN_UNDECLARED_SELECTOR = YES;
				GCC_WARN_UNINITIALIZED_AUTOS = YES_AGGRESSIVE;
				GCC_WARN_UNUSED_FUNCTION = YES;
				GCC_WARN_UNUSED_VARIABLE = YES;
				IPHONEOS_DEPLOYMENT_TARGET = 16.4;
				MTL_ENABLE_DEBUG_INFO = INCLUDE_SOURCE;
				MTL_FAST_MATH = YES;
				ONLY_ACTIVE_ARCH = YES;
				SDKROOT = iphoneos;
				SWIFT_ACTIVE_COMPILATION_CONDITIONS = DEBUG;
				SWIFT_OPTIMIZATION_LEVEL = "-Onone";
			};
			name = Debug;
		};
		5065E6B32A867CCF00D3B08C /* Release */ = {
			isa = XCBuildConfiguration;
			buildSettings = {
				ALWAYS_SEARCH_USER_PATHS = NO;
				CLANG_ANALYZER_NONNULL = YES;
				CLANG_ANALYZER_NUMBER_OBJECT_CONVERSION = YES_AGGRESSIVE;
				CLANG_CXX_LANGUAGE_STANDARD = "gnu++20";
				CLANG_ENABLE_MODULES = YES;
				CLANG_ENABLE_OBJC_ARC = YES;
				CLANG_ENABLE_OBJC_WEAK = YES;
				CLANG_WARN_BLOCK_CAPTURE_AUTORELEASING = YES;
				CLANG_WARN_BOOL_CONVERSION = YES;
				CLANG_WARN_COMMA = YES;
				CLANG_WARN_CONSTANT_CONVERSION = YES;
				CLANG_WARN_DEPRECATED_OBJC_IMPLEMENTATIONS = YES;
				CLANG_WARN_DIRECT_OBJC_ISA_USAGE = YES_ERROR;
				CLANG_WARN_DOCUMENTATION_COMMENTS = YES;
				CLANG_WARN_EMPTY_BODY = YES;
				CLANG_WARN_ENUM_CONVERSION = YES;
				CLANG_WARN_INFINITE_RECURSION = YES;
				CLANG_WARN_INT_CONVERSION = YES;
				CLANG_WARN_NON_LITERAL_NULL_CONVERSION = YES;
				CLANG_WARN_OBJC_IMPLICIT_RETAIN_SELF = YES;
				CLANG_WARN_OBJC_LITERAL_CONVERSION = YES;
				CLANG_WARN_OBJC_ROOT_CLASS = YES_ERROR;
				CLANG_WARN_QUOTED_INCLUDE_IN_FRAMEWORK_HEADER = YES;
				CLANG_WARN_RANGE_LOOP_ANALYSIS = YES;
				CLANG_WARN_STRICT_PROTOTYPES = YES;
				CLANG_WARN_SUSPICIOUS_MOVE = YES;
				CLANG_WARN_UNGUARDED_AVAILABILITY = YES_AGGRESSIVE;
				CLANG_WARN_UNREACHABLE_CODE = YES;
				CLANG_WARN__DUPLICATE_METHOD_MATCH = YES;
				COPY_PHASE_STRIP = NO;
				DEBUG_INFORMATION_FORMAT = "dwarf-with-dsym";
				ENABLE_NS_ASSERTIONS = NO;
				ENABLE_STRICT_OBJC_MSGSEND = YES;
				GCC_C_LANGUAGE_STANDARD = gnu11;
				GCC_NO_COMMON_BLOCKS = YES;
				GCC_WARN_64_TO_32_BIT_CONVERSION = YES;
				GCC_WARN_ABOUT_RETURN_TYPE = YES_ERROR;
				GCC_WARN_UNDECLARED_SELECTOR = YES;
				GCC_WARN_UNINITIALIZED_AUTOS = YES_AGGRESSIVE;
				GCC_WARN_UNUSED_FUNCTION = YES;
				GCC_WARN_UNUSED_VARIABLE = YES;
				IPHONEOS_DEPLOYMENT_TARGET = 16.4;
				MTL_ENABLE_DEBUG_INFO = NO;
				MTL_FAST_MATH = YES;
				SDKROOT = iphoneos;
				SWIFT_COMPILATION_MODE = wholemodule;
				SWIFT_OPTIMIZATION_LEVEL = "-O";
				VALIDATE_PRODUCT = YES;
			};
			name = Release;
		};
		5065E6B52A867CCF00D3B08C /* Debug */ = {
			isa = XCBuildConfiguration;
			baseConfigurationReference = B7154F65D07AD721E93AA7A5 /* Pods-HolidayApp.debug.xcconfig */;
			buildSettings = {
				ASSETCATALOG_COMPILER_APPICON_NAME = AppIcon;
				ASSETCATALOG_COMPILER_GLOBAL_ACCENT_COLOR_NAME = AccentColor;
				CODE_SIGN_STYLE = Automatic;
				CURRENT_PROJECT_VERSION = 1;
				GENERATE_INFOPLIST_FILE = YES;
				INFOPLIST_FILE = HolidayApp/Info.plist;
				INFOPLIST_KEY_UIApplicationSupportsIndirectInputEvents = YES;
				INFOPLIST_KEY_UILaunchStoryboardName = LaunchScreen;
				INFOPLIST_KEY_UISupportedInterfaceOrientations = UIInterfaceOrientationPortrait;
				INFOPLIST_KEY_UISupportedInterfaceOrientations_iPad = "UIInterfaceOrientationLandscapeLeft UIInterfaceOrientationLandscapeRight UIInterfaceOrientationPortrait UIInterfaceOrientationPortraitUpsideDown";
				LD_RUNPATH_SEARCH_PATHS = (
					"$(inherited)",
					"@executable_path/Frameworks",
				);
				MARKETING_VERSION = 1.0;
				PRODUCT_BUNDLE_IDENTIFIER = br.com.felipeaugusto.HolidayApp;
				PRODUCT_NAME = "$(TARGET_NAME)";
				SUPPORTED_PLATFORMS = "iphoneos iphonesimulator";
				SUPPORTS_MACCATALYST = NO;
				SUPPORTS_MAC_DESIGNED_FOR_IPHONE_IPAD = NO;
				SWIFT_EMIT_LOC_STRINGS = YES;
				SWIFT_VERSION = 5.0;
				TARGETED_DEVICE_FAMILY = 1;
			};
			name = Debug;
		};
		5065E6B62A867CCF00D3B08C /* Release */ = {
			isa = XCBuildConfiguration;
			baseConfigurationReference = A83F52EA734308055E6B7EF6 /* Pods-HolidayApp.release.xcconfig */;
			buildSettings = {
				ASSETCATALOG_COMPILER_APPICON_NAME = AppIcon;
				ASSETCATALOG_COMPILER_GLOBAL_ACCENT_COLOR_NAME = AccentColor;
				CODE_SIGN_STYLE = Automatic;
				CURRENT_PROJECT_VERSION = 1;
				GENERATE_INFOPLIST_FILE = YES;
				INFOPLIST_FILE = HolidayApp/Info.plist;
				INFOPLIST_KEY_UIApplicationSupportsIndirectInputEvents = YES;
				INFOPLIST_KEY_UILaunchStoryboardName = LaunchScreen;
				INFOPLIST_KEY_UISupportedInterfaceOrientations = UIInterfaceOrientationPortrait;
				INFOPLIST_KEY_UISupportedInterfaceOrientations_iPad = "UIInterfaceOrientationLandscapeLeft UIInterfaceOrientationLandscapeRight UIInterfaceOrientationPortrait UIInterfaceOrientationPortraitUpsideDown";
				LD_RUNPATH_SEARCH_PATHS = (
					"$(inherited)",
					"@executable_path/Frameworks",
				);
				MARKETING_VERSION = 1.0;
				PRODUCT_BUNDLE_IDENTIFIER = br.com.felipeaugusto.HolidayApp;
				PRODUCT_NAME = "$(TARGET_NAME)";
				SUPPORTED_PLATFORMS = "iphoneos iphonesimulator";
				SUPPORTS_MACCATALYST = NO;
				SUPPORTS_MAC_DESIGNED_FOR_IPHONE_IPAD = NO;
				SWIFT_EMIT_LOC_STRINGS = YES;
				SWIFT_VERSION = 5.0;
				TARGETED_DEVICE_FAMILY = 1;
			};
			name = Release;
		};
/* End XCBuildConfiguration section */

/* Begin XCConfigurationList section */
		5065E69B2A867CCE00D3B08C /* Build configuration list for PBXProject "HolidayApp" */ = {
			isa = XCConfigurationList;
			buildConfigurations = (
				5065E6B22A867CCF00D3B08C /* Debug */,
				5065E6B32A867CCF00D3B08C /* Release */,
			);
			defaultConfigurationIsVisible = 0;
			defaultConfigurationName = Release;
		};
		5065E6B42A867CCF00D3B08C /* Build configuration list for PBXNativeTarget "HolidayApp" */ = {
			isa = XCConfigurationList;
			buildConfigurations = (
				5065E6B52A867CCF00D3B08C /* Debug */,
				5065E6B62A867CCF00D3B08C /* Release */,
			);
			defaultConfigurationIsVisible = 0;
			defaultConfigurationName = Release;
		};
/* End XCConfigurationList section */

/* Begin XCRemoteSwiftPackageReference section */
		50DD88D62A87DC3E00AA13E4 /* XCRemoteSwiftPackageReference "Alamofire.git" */ = {
			isa = XCRemoteSwiftPackageReference;
			repositoryURL = "https://github.com/Alamofire/Alamofire.git";
			requirement = {
				kind = upToNextMajorVersion;
				minimumVersion = 5.0.0;
			};
		};
/* End XCRemoteSwiftPackageReference section */

/* Begin XCSwiftPackageProductDependency section */
		50DD88D72A87DC3E00AA13E4 /* Alamofire */ = {
			isa = XCSwiftPackageProductDependency;
			package = 50DD88D62A87DC3E00AA13E4 /* XCRemoteSwiftPackageReference "Alamofire.git" */;
			productName = Alamofire;
		};
/* End XCSwiftPackageProductDependency section */
	};
	rootObject = 5065E6982A867CCE00D3B08C /* Project object */;
}
